<?xml version="1.0" encoding="utf-8"?>
<Project ToolsVersion="4.0" xmlns="http://schemas.microsoft.com/developer/msbuild/2003">
  <ItemGroup>
    <Filter Include="Source Files">
      <UniqueIdentifier>{4FC737F1-C7A5-4376-A066-2A32D752A2FF}</UniqueIdentifier>
      <Extensions>cpp;c;cc;cxx;def;odl;idl;hpj;bat;asm;asmx</Extensions>
    </Filter>
    <Filter Include="Header Files">
      <UniqueIdentifier>{93995380-89BD-4b04-88EB-625FBE52EBFB}</UniqueIdentifier>
      <Extensions>h;hh;hpp;hxx;hm;inl;inc;ipp;xsd</Extensions>
    </Filter>
    <Filter Include="Resource Files">
      <UniqueIdentifier>{67DA6AB6-F800-4c08-8B7A-83BB121AAD01}</UniqueIdentifier>
      <Extensions>rc;ico;cur;bmp;dlg;rc2;rct;bin;rgs;gif;jpg;jpeg;jpe;resx;tiff;tif;png;wav;mfcribbon-ms</Extensions>
    </Filter>
    <Filter Include="Source Files\src">
      <UniqueIdentifier>{853dbbf9-c5d5-407f-9ac2-8de13341213d}</UniqueIdentifier>
    </Filter>
  </ItemGroup>
  <ItemGroup>
    <ClCompile Include="SRTParserFinal.cpp">
      <Filter>Source Files</Filter>
    </ClCompile>
    <ClCompile Include="SubtitleParserPlay.cpp">
      <Filter>Source Files\src</Filter>
    </ClCompile>
    <ClCompile Include="SubtitleParser.cpp">
      <Filter>Source Files\src</Filter>
    </ClCompile>
    <ClCompile Include="SrtParser.cpp">
      <Filter>Source Files\src</Filter>
    </ClCompile>
    <ClCompile Include="SubtitleElement.cpp">
      <Filter>Source Files\src</Filter>
    </ClCompile>
    <ClCompile Include="FormattedText.cpp">
      <Filter>Source Files\src</Filter>
    </ClCompile>
    <ClCompile Include="pugixml.cpp">
      <Filter>Source Files\src</Filter>
    </ClCompile>
  </ItemGroup>
  <ItemGroup>
    <ClInclude Include="Utility.h">
      <Filter>Header Files</Filter>
    </ClInclude>
    <ClInclude Include="EndOfLine.h">
      <Filter>Header Files</Filter>
    </ClInclude>
    <ClInclude Include="FormattedText.h">
      <Filter>Header Files</Filter>
    </ClInclude>
    <ClInclude Include="SubtitleElement.h">
      <Filter>Header Files</Filter>
    </ClInclude>
    <ClInclude Include="SubtitleParserPlay.h">
      <Filter>Header Files</Filter>
    </ClInclude>
    <ClInclude Include="SubtitleParser.h">
      <Filter>Header Files</Filter>
    </ClInclude>
    <ClInclude Include="SrtParser.h">
      <Filter>Header Files</Filter>
    </ClInclude>
    <ClInclude Include="pugiconfig.hpp">
      <Filter>Header Files</Filter>
    </ClInclude>
    <ClInclude Include="pugixml.hpp">
      <Filter>Header Files</Filter>
    </ClInclude>
  </ItemGroup>
</Project>